<?xml version="1.0" encoding="UTF-8"?>
<CodeBlocks_project_file>
	<FileVersion major="1" minor="6"/>
	<Project>
		<Option title="Zhaba_script_lang"/>
		<Option makefile_is_custom="1"/>
		<Option compiler="gcc"/>
		<Option virtualFolders="CMake Files\;"/>
		<Build>
			<Target title="all">
				<Option working_dir="C:/Code/Zhaba-script-lang"/>
				<Option type="4"/>
				<MakeCommands>
					<Build command="C:/PROGRA~1/JETBRA~1/CLION2~1.2/bin/mingw/bin/mingw32-make.exe -f &quot;C:/Code/Zhaba-script-lang/Makefile&quot;  VERBOSE=1 all"/>
					<CompileFile command="C:/PROGRA~1/JETBRA~1/CLION2~1.2/bin/mingw/bin/mingw32-make.exe -f &quot;C:/Code/Zhaba-script-lang/Makefile&quot;  VERBOSE=1 &quot;$file&quot;"/>
					<Clean command="C:/PROGRA~1/JETBRA~1/CLION2~1.2/bin/mingw/bin/mingw32-make.exe -f &quot;C:/Code/Zhaba-script-lang/Makefile&quot;  VERBOSE=1 clean"/>
					<DistClean command="C:/PROGRA~1/JETBRA~1/CLION2~1.2/bin/mingw/bin/mingw32-make.exe -f &quot;C:/Code/Zhaba-script-lang/Makefile&quot;  VERBOSE=1 clean"/>
				</MakeCommands>
			</Target>
			<Target title="Zhaba_script_lang">
				<Option output="C:/Code/Zhaba-script-lang/Zhaba_script_lang.exe" prefix_auto="0" extension_auto="0"/>
				<Option working_dir="C:/Code/Zhaba-script-lang"/>
				<Option object_output="./"/>
				<Option type="1"/>
				<Option compiler="gcc"/>
				<Compiler>
					<Add directory="C:/Code/Zhaba-script-lang/src/compiler"/>
					<Add directory="C:/Code/Zhaba-script-lang/src/interpreter"/>
					<Add directory="C:/Code/Zhaba-script-lang/src/lang"/>
					<Add directory="C:/Code/Zhaba-script-lang/src/libs"/>
					<Add directory="C:/Code/Zhaba-script-lang/src/parser"/>
					<Add directory="C:/Code/Zhaba-script-lang/src/tree_lib"/>
					<Add directory="C:/Code/Zhaba-script-lang/src/zhaba"/>
					<Add directory="C:/Program Files/JetBrains/CLion 2021.3.2/bin/mingw/bin/../lib/gcc/x86_64-w64-mingw32/11.2.0/include/c++"/>
					<Add directory="C:/Program Files/JetBrains/CLion 2021.3.2/bin/mingw/bin/../lib/gcc/x86_64-w64-mingw32/11.2.0/include/c++/x86_64-w64-mingw32"/>
					<Add directory="C:/Program Files/JetBrains/CLion 2021.3.2/bin/mingw/bin/../lib/gcc/x86_64-w64-mingw32/11.2.0/include/c++/backward"/>
					<Add directory="C:/Program Files/JetBrains/CLion 2021.3.2/bin/mingw/bin/../lib/gcc/x86_64-w64-mingw32/11.2.0/include"/>
					<Add directory="C:/Program Files/JetBrains/CLion 2021.3.2/bin/mingw/bin/../lib/gcc/x86_64-w64-mingw32/11.2.0/../../../../include"/>
					<Add directory="C:/Program Files/JetBrains/CLion 2021.3.2/bin/mingw/bin/../lib/gcc/x86_64-w64-mingw32/11.2.0/include-fixed"/>
					<Add directory="C:/Program Files/JetBrains/CLion 2021.3.2/bin/mingw/bin/../lib/gcc/x86_64-w64-mingw32/11.2.0/../../../../x86_64-w64-mingw32/include"/>
				</Compiler>
				<MakeCommands>
					<Build command="C:/PROGRA~1/JETBRA~1/CLION2~1.2/bin/mingw/bin/mingw32-make.exe -f &quot;C:/Code/Zhaba-script-lang/Makefile&quot;  VERBOSE=1 Zhaba_script_lang"/>
					<CompileFile command="C:/PROGRA~1/JETBRA~1/CLION2~1.2/bin/mingw/bin/mingw32-make.exe -f &quot;C:/Code/Zhaba-script-lang/Makefile&quot;  VERBOSE=1 &quot;$file&quot;"/>
					<Clean command="C:/PROGRA~1/JETBRA~1/CLION2~1.2/bin/mingw/bin/mingw32-make.exe -f &quot;C:/Code/Zhaba-script-lang/Makefile&quot;  VERBOSE=1 clean"/>
					<DistClean command="C:/PROGRA~1/JETBRA~1/CLION2~1.2/bin/mingw/bin/mingw32-make.exe -f &quot;C:/Code/Zhaba-script-lang/Makefile&quot;  VERBOSE=1 clean"/>
				</MakeCommands>
			</Target>
			<Target title="Zhaba_script_lang/fast">
				<Option output="C:/Code/Zhaba-script-lang/Zhaba_script_lang.exe" prefix_auto="0" extension_auto="0"/>
				<Option working_dir="C:/Code/Zhaba-script-lang"/>
				<Option object_output="./"/>
				<Option type="1"/>
				<Option compiler="gcc"/>
				<Compiler>
					<Add directory="C:/Code/Zhaba-script-lang/src/compiler"/>
					<Add directory="C:/Code/Zhaba-script-lang/src/interpreter"/>
					<Add directory="C:/Code/Zhaba-script-lang/src/lang"/>
					<Add directory="C:/Code/Zhaba-script-lang/src/libs"/>
					<Add directory="C:/Code/Zhaba-script-lang/src/parser"/>
					<Add directory="C:/Code/Zhaba-script-lang/src/tree_lib"/>
					<Add directory="C:/Code/Zhaba-script-lang/src/zhaba"/>
					<Add directory="C:/Program Files/JetBrains/CLion 2021.3.2/bin/mingw/bin/../lib/gcc/x86_64-w64-mingw32/11.2.0/include/c++"/>
					<Add directory="C:/Program Files/JetBrains/CLion 2021.3.2/bin/mingw/bin/../lib/gcc/x86_64-w64-mingw32/11.2.0/include/c++/x86_64-w64-mingw32"/>
					<Add directory="C:/Program Files/JetBrains/CLion 2021.3.2/bin/mingw/bin/../lib/gcc/x86_64-w64-mingw32/11.2.0/include/c++/backward"/>
					<Add directory="C:/Program Files/JetBrains/CLion 2021.3.2/bin/mingw/bin/../lib/gcc/x86_64-w64-mingw32/11.2.0/include"/>
					<Add directory="C:/Program Files/JetBrains/CLion 2021.3.2/bin/mingw/bin/../lib/gcc/x86_64-w64-mingw32/11.2.0/../../../../include"/>
					<Add directory="C:/Program Files/JetBrains/CLion 2021.3.2/bin/mingw/bin/../lib/gcc/x86_64-w64-mingw32/11.2.0/include-fixed"/>
					<Add directory="C:/Program Files/JetBrains/CLion 2021.3.2/bin/mingw/bin/../lib/gcc/x86_64-w64-mingw32/11.2.0/../../../../x86_64-w64-mingw32/include"/>
				</Compiler>
				<MakeCommands>
					<Build command="C:/PROGRA~1/JETBRA~1/CLION2~1.2/bin/mingw/bin/mingw32-make.exe -f &quot;C:/Code/Zhaba-script-lang/Makefile&quot;  VERBOSE=1 Zhaba_script_lang/fast"/>
					<CompileFile command="C:/PROGRA~1/JETBRA~1/CLION2~1.2/bin/mingw/bin/mingw32-make.exe -f &quot;C:/Code/Zhaba-script-lang/Makefile&quot;  VERBOSE=1 &quot;$file&quot;"/>
					<Clean command="C:/PROGRA~1/JETBRA~1/CLION2~1.2/bin/mingw/bin/mingw32-make.exe -f &quot;C:/Code/Zhaba-script-lang/Makefile&quot;  VERBOSE=1 clean"/>
					<DistClean command="C:/PROGRA~1/JETBRA~1/CLION2~1.2/bin/mingw/bin/mingw32-make.exe -f &quot;C:/Code/Zhaba-script-lang/Makefile&quot;  VERBOSE=1 clean"/>
				</MakeCommands>
			</Target>
			<Target title="edit_cache">
				<Option working_dir="C:/Code/Zhaba-script-lang"/>
				<Option type="4"/>
				<MakeCommands>
					<Build command="C:/PROGRA~1/JETBRA~1/CLION2~1.2/bin/mingw/bin/mingw32-make.exe -f &quot;C:/Code/Zhaba-script-lang/Makefile&quot;  VERBOSE=1 edit_cache"/>
					<CompileFile command="C:/PROGRA~1/JETBRA~1/CLION2~1.2/bin/mingw/bin/mingw32-make.exe -f &quot;C:/Code/Zhaba-script-lang/Makefile&quot;  VERBOSE=1 &quot;$file&quot;"/>
					<Clean command="C:/PROGRA~1/JETBRA~1/CLION2~1.2/bin/mingw/bin/mingw32-make.exe -f &quot;C:/Code/Zhaba-script-lang/Makefile&quot;  VERBOSE=1 clean"/>
					<DistClean command="C:/PROGRA~1/JETBRA~1/CLION2~1.2/bin/mingw/bin/mingw32-make.exe -f &quot;C:/Code/Zhaba-script-lang/Makefile&quot;  VERBOSE=1 clean"/>
				</MakeCommands>
			</Target>
			<Target title="rebuild_cache">
				<Option working_dir="C:/Code/Zhaba-script-lang"/>
				<Option type="4"/>
				<MakeCommands>
					<Build command="C:/PROGRA~1/JETBRA~1/CLION2~1.2/bin/mingw/bin/mingw32-make.exe -f &quot;C:/Code/Zhaba-script-lang/Makefile&quot;  VERBOSE=1 rebuild_cache"/>
					<CompileFile command="C:/PROGRA~1/JETBRA~1/CLION2~1.2/bin/mingw/bin/mingw32-make.exe -f &quot;C:/Code/Zhaba-script-lang/Makefile&quot;  VERBOSE=1 &quot;$file&quot;"/>
					<Clean command="C:/PROGRA~1/JETBRA~1/CLION2~1.2/bin/mingw/bin/mingw32-make.exe -f &quot;C:/Code/Zhaba-script-lang/Makefile&quot;  VERBOSE=1 clean"/>
					<DistClean command="C:/PROGRA~1/JETBRA~1/CLION2~1.2/bin/mingw/bin/mingw32-make.exe -f &quot;C:/Code/Zhaba-script-lang/Makefile&quot;  VERBOSE=1 clean"/>
				</MakeCommands>
			</Target>
		</Build>
		<Unit filename="C:/Code/Zhaba-script-lang/src/compiler/Compiler.hpp">
			<Option target="Zhaba_script_lang"/>
		</Unit>
		<Unit filename="C:/Code/Zhaba-script-lang/src/compiler/CompilerTables.hpp">
			<Option target="Zhaba_script_lang"/>
		</Unit>
		<Unit filename="C:/Code/Zhaba-script-lang/src/compiler/FileCompiler.hpp">
			<Option target="Zhaba_script_lang"/>
		</Unit>
		<Unit filename="C:/Code/Zhaba-script-lang/src/compiler/ToC.hpp">
			<Option target="Zhaba_script_lang"/>
		</Unit>
		<Unit filename="C:/Code/Zhaba-script-lang/src/interpreter/bytecode.cpp">
			<Option target="Zhaba_script_lang"/>
		</Unit>
		<Unit filename="C:/Code/Zhaba-script-lang/src/interpreter/bytecode.hpp">
			<Option target="Zhaba_script_lang"/>
		</Unit>
		<Unit filename="C:/Code/Zhaba-script-lang/src/interpreter/heap.cpp">
			<Option target="Zhaba_script_lang"/>
		</Unit>
		<Unit filename="C:/Code/Zhaba-script-lang/src/interpreter/heap.hpp">
			<Option target="Zhaba_script_lang"/>
		</Unit>
		<Unit filename="C:/Code/Zhaba-script-lang/src/interpreter/instructions.hpp">
			<Option target="Zhaba_script_lang"/>
		</Unit>
		<Unit filename="C:/Code/Zhaba-script-lang/src/interpreter/runtime_error.cpp">
			<Option target="Zhaba_script_lang"/>
		</Unit>
		<Unit filename="C:/Code/Zhaba-script-lang/src/interpreter/runtime_error.hpp">
			<Option target="Zhaba_script_lang"/>
		</Unit>
		<Unit filename="C:/Code/Zhaba-script-lang/src/interpreter/stack.cpp">
			<Option target="Zhaba_script_lang"/>
		</Unit>
		<Unit filename="C:/Code/Zhaba-script-lang/src/interpreter/stack.hpp">
			<Option target="Zhaba_script_lang"/>
		</Unit>
		<Unit filename="C:/Code/Zhaba-script-lang/src/interpreter/to_bytecode.cpp">
			<Option target="Zhaba_script_lang"/>
		</Unit>
		<Unit filename="C:/Code/Zhaba-script-lang/src/interpreter/to_bytecode.hpp">
			<Option target="Zhaba_script_lang"/>
		</Unit>
		<Unit filename="C:/Code/Zhaba-script-lang/src/interpreter/zhvm.hpp">
			<Option target="Zhaba_script_lang"/>
		</Unit>
		<Unit filename="C:/Code/Zhaba-script-lang/src/lang/ast.cpp">
			<Option target="Zhaba_script_lang"/>
		</Unit>
		<Unit filename="C:/Code/Zhaba-script-lang/src/lang/ast.hpp">
			<Option target="Zhaba_script_lang"/>
		</Unit>
		<Unit filename="C:/Code/Zhaba-script-lang/src/lang/expression.cpp">
			<Option target="Zhaba_script_lang"/>
		</Unit>
		<Unit filename="C:/Code/Zhaba-script-lang/src/lang/expression.hpp">
			<Option target="Zhaba_script_lang"/>
		</Unit>
		<Unit filename="C:/Code/Zhaba-script-lang/src/lang/generics.cpp">
			<Option target="Zhaba_script_lang"/>
		</Unit>
		<Unit filename="C:/Code/Zhaba-script-lang/src/lang/generics.hpp">
			<Option target="Zhaba_script_lang"/>
		</Unit>
		<Unit filename="C:/Code/Zhaba-script-lang/src/lang/lang.hpp">
			<Option target="Zhaba_script_lang"/>
		</Unit>
		<Unit filename="C:/Code/Zhaba-script-lang/src/lang/lang_tables.cpp">
			<Option target="Zhaba_script_lang"/>
		</Unit>
		<Unit filename="C:/Code/Zhaba-script-lang/src/lang/lang_tables.hpp">
			<Option target="Zhaba_script_lang"/>
		</Unit>
		<Unit filename="C:/Code/Zhaba-script-lang/src/lang/scope.hpp">
			<Option target="Zhaba_script_lang"/>
		</Unit>
		<Unit filename="C:/Code/Zhaba-script-lang/src/lang/syntax_tree.cpp">
			<Option target="Zhaba_script_lang"/>
		</Unit>
		<Unit filename="C:/Code/Zhaba-script-lang/src/lang/syntax_tree.hpp">
			<Option target="Zhaba_script_lang"/>
		</Unit>
		<Unit filename="C:/Code/Zhaba-script-lang/src/lang/token.cpp">
			<Option target="Zhaba_script_lang"/>
		</Unit>
		<Unit filename="C:/Code/Zhaba-script-lang/src/lang/token.hpp">
			<Option target="Zhaba_script_lang"/>
		</Unit>
		<Unit filename="C:/Code/Zhaba-script-lang/src/lang/types.cpp">
			<Option target="Zhaba_script_lang"/>
		</Unit>
		<Unit filename="C:/Code/Zhaba-script-lang/src/lang/types.hpp">
			<Option target="Zhaba_script_lang"/>
		</Unit>
		<Unit filename="C:/Code/Zhaba-script-lang/src/lang/zhdata.cpp">
			<Option target="Zhaba_script_lang"/>
		</Unit>
		<Unit filename="C:/Code/Zhaba-script-lang/src/lang/zhdata.hpp">
			<Option target="Zhaba_script_lang"/>
		</Unit>
		<Unit filename="C:/Code/Zhaba-script-lang/src/libs/termcolor.hpp">
			<Option target="Zhaba_script_lang"/>
		</Unit>
		<Unit filename="C:/Code/Zhaba-script-lang/src/parser/ast_parser.cpp">
			<Option target="Zhaba_script_lang"/>
		</Unit>
		<Unit filename="C:/Code/Zhaba-script-lang/src/parser/ast_parser.hpp">
			<Option target="Zhaba_script_lang"/>
		</Unit>
		<Unit filename="C:/Code/Zhaba-script-lang/src/parser/definitions_parser.cpp">
			<Option target="Zhaba_script_lang"/>
		</Unit>
		<Unit filename="C:/Code/Zhaba-script-lang/src/parser/definitions_parser.hpp">
			<Option target="Zhaba_script_lang"/>
		</Unit>
		<Unit filename="C:/Code/Zhaba-script-lang/src/parser/expression_parser.cpp">
			<Option target="Zhaba_script_lang"/>
		</Unit>
		<Unit filename="C:/Code/Zhaba-script-lang/src/parser/expression_parser.hpp">
			<Option target="Zhaba_script_lang"/>
		</Unit>
		<Unit filename="C:/Code/Zhaba-script-lang/src/parser/lexer.cpp">
			<Option target="Zhaba_script_lang"/>
		</Unit>
		<Unit filename="C:/Code/Zhaba-script-lang/src/parser/lexer.hpp">
			<Option target="Zhaba_script_lang"/>
		</Unit>
		<Unit filename="C:/Code/Zhaba-script-lang/src/parser/parser.hpp">
			<Option target="Zhaba_script_lang"/>
		</Unit>
		<Unit filename="C:/Code/Zhaba-script-lang/src/parser/parser_error.cpp">
			<Option target="Zhaba_script_lang"/>
		</Unit>
		<Unit filename="C:/Code/Zhaba-script-lang/src/parser/parser_error.hpp">
			<Option target="Zhaba_script_lang"/>
		</Unit>
		<Unit filename="C:/Code/Zhaba-script-lang/src/parser/preprocess.cpp">
			<Option target="Zhaba_script_lang"/>
		</Unit>
		<Unit filename="C:/Code/Zhaba-script-lang/src/parser/preprocess.hpp">
			<Option target="Zhaba_script_lang"/>
		</Unit>
		<Unit filename="C:/Code/Zhaba-script-lang/src/parser/syntax_tree_parser.cpp">
			<Option target="Zhaba_script_lang"/>
		</Unit>
		<Unit filename="C:/Code/Zhaba-script-lang/src/parser/syntax_tree_parser.hpp">
			<Option target="Zhaba_script_lang"/>
		</Unit>
		<Unit filename="C:/Code/Zhaba-script-lang/src/parser/type_parser.cpp">
			<Option target="Zhaba_script_lang"/>
		</Unit>
		<Unit filename="C:/Code/Zhaba-script-lang/src/parser/type_parser.hpp">
			<Option target="Zhaba_script_lang"/>
		</Unit>
		<Unit filename="C:/Code/Zhaba-script-lang/src/tree_lib/Tree.hpp">
			<Option target="Zhaba_script_lang"/>
		</Unit>
		<Unit filename="C:/Code/Zhaba-script-lang/src/tree_lib/TreeLib.hpp">
			<Option target="Zhaba_script_lang"/>
		</Unit>
		<Unit filename="C:/Code/Zhaba-script-lang/src/tree_lib/TreePrinterASCII.hpp">
			<Option target="Zhaba_script_lang"/>
		</Unit>
		<Unit filename="C:/Code/Zhaba-script-lang/src/zhaba/CmdOptios.hpp">
			<Option target="Zhaba_script_lang"/>
		</Unit>
		<Unit filename="C:/Code/Zhaba-script-lang/src/zhaba/zhaba.cpp">
			<Option target="Zhaba_script_lang"/>
		</Unit>
		<Unit filename="C:/Code/Zhaba-script-lang/CMakeLists.txt">
			<Option virtualFolder="CMake Files\"/>
		</Unit>
	</Project>
</CodeBlocks_project_file>
